// !$*UTF8*$!
{
	archiveVersion = 1;
	classes = {
	};
	objectVersion = 46;
	objects = {

/* Begin PBXBuildFile section */
		8B04432E1367AA1100D919D5 /* OpenCL.framework in Frameworks */ = {isa = PBXBuildFile; fileRef = 8B04432D1367AA1100D919D5 /* OpenCL.framework */; };
		8B6908ED13A9E047003E06CD /* io_tiff.cpp in Sources */ = {isa = PBXBuildFile; fileRef = 8B6908EB13A9E047003E06CD /* io_tiff.cpp */; };
		8B8FABA6136CE6B900961823 /* UnixImageIO.framework in Frameworks */ = {isa = PBXBuildFile; fileRef = 8B8FABA5136CE6B900961823 /* UnixImageIO.framework */; };
		8B8FABB2136CF82F00961823 /* sobel_nf.cpp in Sources */ = {isa = PBXBuildFile; fileRef = 8B8FABB1136CF82F00961823 /* sobel_nf.cpp */; };
		8B95BDB213CC13BA00B3E897 /* libpng.framework in Frameworks */ = {isa = PBXBuildFile; fileRef = 8B95BDB113CC13BA00B3E897 /* libpng.framework */; };
		8B95BDD513CD325600B3E897 /* RGBAUtilities.cpp in Sources */ = {isa = PBXBuildFile; fileRef = 8B95BDD313CD325600B3E897 /* RGBAUtilities.cpp */; };
		8B9A212713AB280400F36E8A /* openCLUtilities.cpp in Sources */ = {isa = PBXBuildFile; fileRef = 8B9A212513AB280400F36E8A /* openCLUtilities.cpp */; };
/* End PBXBuildFile section */

/* Begin PBXCopyFilesBuildPhase section */
		8B04431C1367A8EC00D919D5 /* CopyFiles */ = {
			isa = PBXCopyFilesBuildPhase;
			buildActionMask = 2147483647;
			dstPath = /usr/share/man/man1/;
			dstSubfolderSpec = 0;
			files = (
			);
			runOnlyForDeploymentPostprocessing = 1;
		};
/* End PBXCopyFilesBuildPhase section */

/* Begin PBXFileReference section */
		8B04431E1367A8EC00D919D5 /* openCLImageLoad */ = {isa = PBXFileReference; explicitFileType = "compiled.mach-o.executable"; includeInIndex = 0; path = openCLImageLoad; sourceTree = BUILT_PRODUCTS_DIR; };
		8B04432D1367AA1100D919D5 /* OpenCL.framework */ = {isa = PBXFileReference; lastKnownFileType = wrapper.framework; name = OpenCL.framework; path = System/Library/Frameworks/OpenCL.framework; sourceTree = SDKROOT; };
		8B6908EB13A9E047003E06CD /* io_tiff.cpp */ = {isa = PBXFileReference; fileEncoding = 4; lastKnownFileType = sourcecode.cpp.cpp; path = io_tiff.cpp; sourceTree = "<group>"; };
		8B6908EC13A9E047003E06CD /* io_tiff.h */ = {isa = PBXFileReference; fileEncoding = 4; lastKnownFileType = sourcecode.c.h; path = io_tiff.h; sourceTree = "<group>"; };
		8B8FABA5136CE6B900961823 /* UnixImageIO.framework */ = {isa = PBXFileReference; lastKnownFileType = wrapper.framework; name = UnixImageIO.framework; path = Library/Frameworks/UnixImageIO.framework; sourceTree = SDKROOT; };
		8B8FABA7136CE7BD00961823 /* sobel_opt1.cl */ = {isa = PBXFileReference; fileEncoding = 4; lastKnownFileType = sourcecode.opencl; path = sobel_opt1.cl; sourceTree = "<group>"; };
		8B8FABB1136CF82F00961823 /* sobel_nf.cpp */ = {isa = PBXFileReference; fileEncoding = 4; lastKnownFileType = sourcecode.cpp.cpp; path = sobel_nf.cpp; sourceTree = "<group>"; };
		8B95BDB113CC13BA00B3E897 /* libpng.framework */ = {isa = PBXFileReference; lastKnownFileType = wrapper.framework; name = libpng.framework; path = Library/Frameworks/libpng.framework; sourceTree = SDKROOT; };
		8B95BDD313CD325600B3E897 /* RGBAUtilities.cpp */ = {isa = PBXFileReference; fileEncoding = 4; lastKnownFileType = sourcecode.cpp.cpp; path = RGBAUtilities.cpp; sourceTree = "<group>"; };
		8B95BDD413CD325600B3E897 /* RGBAUtilities.h */ = {isa = PBXFileReference; fileEncoding = 4; lastKnownFileType = sourcecode.c.h; path = RGBAUtilities.h; sourceTree = "<group>"; };
		8B9A212513AB280400F36E8A /* openCLUtilities.cpp */ = {isa = PBXFileReference; fileEncoding = 4; lastKnownFileType = sourcecode.cpp.cpp; path = openCLUtilities.cpp; sourceTree = "<group>"; };
		8B9A212613AB280400F36E8A /* openCLUtilities.h */ = {isa = PBXFileReference; fileEncoding = 4; lastKnownFileType = sourcecode.c.h; path = openCLUtilities.h; sourceTree = "<group>"; };
/* End PBXFileReference section */

/* Begin PBXFrameworksBuildPhase section */
		8B04431B1367A8EC00D919D5 /* Frameworks */ = {
			isa = PBXFrameworksBuildPhase;
			buildActionMask = 2147483647;
			files = (
				8B95BDB213CC13BA00B3E897 /* libpng.framework in Frameworks */,
				8B8FABA6136CE6B900961823 /* UnixImageIO.framework in Frameworks */,
				8B04432E1367AA1100D919D5 /* OpenCL.framework in Frameworks */,
			);
			runOnlyForDeploymentPostprocessing = 0;
		};
/* End PBXFrameworksBuildPhase section */

/* Begin PBXGroup section */
		8B0443131367A8EC00D919D5 = {
			isa = PBXGroup;
			children = (
				8B95BDB113CC13BA00B3E897 /* libpng.framework */,
				8B8FABA5136CE6B900961823 /* UnixImageIO.framework */,
				8B04432D1367AA1100D919D5 /* OpenCL.framework */,
				8B0443211367A8EC00D919D5 /* openCLImageLoad */,
				8B04431F1367A8EC00D919D5 /* Products */,
			);
			sourceTree = "<group>";
		};
		8B04431F1367A8EC00D919D5 /* Products */ = {
			isa = PBXGroup;
			children = (
				8B04431E1367A8EC00D919D5 /* openCLImageLoad */,
			);
			name = Products;
			sourceTree = "<group>";
		};
		8B0443211367A8EC00D919D5 /* openCLImageLoad */ = {
			isa = PBXGroup;
			children = (
				8B8FABB1136CF82F00961823 /* sobel_nf.cpp */,
				8B9A212513AB280400F36E8A /* openCLUtilities.cpp */,
				8B9A212613AB280400F36E8A /* openCLUtilities.h */,
				8B6908EB13A9E047003E06CD /* io_tiff.cpp */,
				8B6908EC13A9E047003E06CD /* io_tiff.h */,
				8B95BDD313CD325600B3E897 /* RGBAUtilities.cpp */,
				8B95BDD413CD325600B3E897 /* RGBAUtilities.h */,
				8B8FABA7136CE7BD00961823 /* sobel_opt1.cl */,
			);
			path = openCLImageLoad;
			sourceTree = "<group>";
		};
/* End PBXGroup section */

/* Begin PBXNativeTarget section */
		8B04431D1367A8EC00D919D5 /* openCLImageLoad */ = {
			isa = PBXNativeTarget;
			buildConfigurationList = 8B0443271367A8EC00D919D5 /* Build configuration list for PBXNativeTarget "openCLImageLoad" */;
			buildPhases = (
				8B04431A1367A8EC00D919D5 /* Sources */,
				8B04431B1367A8EC00D919D5 /* Frameworks */,
				8B04431C1367A8EC00D919D5 /* CopyFiles */,
			);
			buildRules = (
			);
			dependencies = (
			);
			name = openCLImageLoad;
			productName = openCLImageLoad;
			productReference = 8B04431E1367A8EC00D919D5 /* openCLImageLoad */;
			productType = "com.apple.product-type.tool";
		};
/* End PBXNativeTarget section */

/* Begin PBXProject section */
		8B0443151367A8EC00D919D5 /* Project object */ = {
			isa = PBXProject;
			attributes = {
				ORGANIZATIONNAME = "University Of New England";
			};
			buildConfigurationList = 8B0443181367A8EC00D919D5 /* Build configuration list for PBXProject "openCLImageLoad" */;
			compatibilityVersion = "Xcode 3.2";
			developmentRegion = English;
			hasScannedForEncodings = 0;
			knownRegions = (
				en,
			);
			mainGroup = 8B0443131367A8EC00D919D5;
			productRefGroup = 8B04431F1367A8EC00D919D5 /* Products */;
			projectDirPath = "";
			projectRoot = "";
			targets = (
				8B04431D1367A8EC00D919D5 /* openCLImageLoad */,
			);
		};
/* End PBXProject section */

/* Begin PBXSourcesBuildPhase section */
		8B04431A1367A8EC00D919D5 /* Sources */ = {
			isa = PBXSourcesBuildPhase;
			buildActionMask = 2147483647;
			files = (
				8B8FABB2136CF82F00961823 /* sobel_nf.cpp in Sources */,
				8B6908ED13A9E047003E06CD /* io_tiff.cpp in Sources */,
				8B9A212713AB280400F36E8A /* openCLUtilities.cpp in Sources */,
				8B95BDD513CD325600B3E897 /* RGBAUtilities.cpp in Sources */,
			);
			runOnlyForDeploymentPostprocessing = 0;
		};
/* End PBXSourcesBuildPhase section */

/* Begin XCBuildConfiguration section */
		8B0443251367A8EC00D919D5 /* Debug */ = {
			isa = XCBuildConfiguration;
			buildSettings = {
				ARCHS = "$(ARCHS_STANDARD_32_64_BIT)";
				GCC_C_LANGUAGE_STANDARD = gnu99;
				GCC_OPTIMIZATION_LEVEL = 0;
				GCC_PREPROCESSOR_DEFINITIONS = DEBUG;
				GCC_SYMBOLS_PRIVATE_EXTERN = NO;
				GCC_VERSION = com.apple.compilers.llvm.clang.1_0;
				GCC_WARN_64_TO_32_BIT_CONVERSION = YES;
				GCC_WARN_ABOUT_RETURN_TYPE = YES;
				GCC_WARN_UNUSED_VARIABLE = YES;
				MACOSX_DEPLOYMENT_TARGET = 10.6;
				ONLY_ACTIVE_ARCH = YES;
				SDKROOT = macosx;
			};
			name = Debug;
		};
		8B0443261367A8EC00D919D5 /* Release */ = {
			isa = XCBuildConfiguration;
			buildSettings = {
				ARCHS = "$(ARCHS_STANDARD_32_64_BIT)";
				GCC_C_LANGUAGE_STANDARD = gnu99;
				GCC_VERSION = com.apple.compilers.llvm.clang.1_0;
				GCC_WARN_64_TO_32_BIT_CONVERSION = YES;
				GCC_WARN_ABOUT_RETURN_TYPE = YES;
				GCC_WARN_UNUSED_VARIABLE = YES;
				MACOSX_DEPLOYMENT_TARGET = 10.6;
				SDKROOT = macosx;
			};
			name = Release;
		};
		8B0443281367A8EC00D919D5 /* Debug */ = {
			isa = XCBuildConfiguration;
			buildSettings = {
				ALWAYS_SEARCH_USER_PATHS = NO;
				COPY_PHASE_STRIP = NO;
				DEBUG_INFORMATION_FORMAT = dwarf;
				"FRAMEWORK_SEARCH_PATHS[arch=*]" = "\"/Users/beau/Documents/FourthYear/miscProjects/openCLImageLoad\"";
				GCC_DYNAMIC_NO_PIC = NO;
				GCC_ENABLE_OBJC_EXCEPTIONS = YES;
				GCC_VERSION = 4.2;
				PRODUCT_NAME = "$(TARGET_NAME)";
			};
			name = Debug;
		};
		8B0443291367A8EC00D919D5 /* Release */ = {
			isa = XCBuildConfiguration;
			buildSettings = {
				ALWAYS_SEARCH_USER_PATHS = NO;
				COPY_PHASE_STRIP = YES;
				DEBUG_INFORMATION_FORMAT = "dwarf-with-dsym";
				GCC_ENABLE_OBJC_EXCEPTIONS = YES;
				GCC_VERSION = 4.2;
				PRODUCT_NAME = "$(TARGET_NAME)";
			};
			name = Release;
		};
/* End XCBuildConfiguration section */

/* Begin XCConfigurationList section */
		8B0443181367A8EC00D919D5 /* Build configuration list for PBXProject "openCLImageLoad" */ = {
			isa = XCConfigurationList;
			buildConfigurations = (
				8B0443251367A8EC00D919D5 /* Debug */,
				8B0443261367A8EC00D919D5 /* Release */,
			);
			defaultConfigurationIsVisible = 0;
			defaultConfigurationName = Release;
		};
		8B0443271367A8EC00D919D5 /* Build configuration list for PBXNativeTarget "openCLImageLoad" */ = {
			isa = XCConfigurationList;
			buildConfigurations = (
				8B0443281367A8EC00D919D5 /* Debug */,
				8B0443291367A8EC00D919D5 /* Release */,
			);
			defaultConfigurationIsVisible = 0;
			defaultConfigurationName = Release;
		};
/* End XCConfigurationList section */
	};
	rootObject = 8B0443151367A8EC00D919D5 /* Project object */;
}
